
Microsoft Visual Studio Solution File, Format Version 12.00
# Visual Studio Version 17
VisualStudioVersion = 17.14.37012.4
MinimumVisualStudioVersion = 10.0.40219.1
Project("{FAE04EC0-301F-11D3-BF4B-00C04F79EFBC}") = "CiltKocum", "CiltKocum.csproj", "{D3EE0ACB-C21E-4583-AB0C-19B2AC06DB0A}"
EndProject
Global
	GlobalSection(SolutionConfigurationPlatforms) = preSolution
		Debug|Any CPU = Debug|Any CPU
		Release|Any CPU = Release|Any CPU
	EndGlobalSection
	GlobalSection(ProjectConfigurationPlatforms) = postSolution
		{D3EE0ACB-C21E-4583-AB0C-19B2AC06DB0A}.Debug|Any CPU.ActiveCfg = Debug|Any CPU
		{D3EE0ACB-C21E-4583-AB0C-19B2AC06DB0A}.Debug|Any CPU.Build.0 = Debug|Any CPU
		{D3EE0ACB-C21E-4583-AB0C-19B2AC06DB0A}.Release|Any CPU.ActiveCfg = Release|Any CPU
		{D3EE0ACB-C21E-4583-AB0C-19B2AC06DB0A}.Release|Any CPU.Build.0 = Release|Any CPU
	EndGlobalSection
	GlobalSection(SolutionProperties) = preSolution
		HideSolutionNode = FALSE
	EndGlobalSection
	GlobalSection(ExtensibilityGlobals) = postSolution
		SolutionGuid = {BEBF61D7-D634-4583-86DF-B855C7C0A3DC}
	EndGlobalSection
EndGlobal
